<?xml version="1.0" encoding="utf-8"?>
<Project ToolsVersion="4.0" xmlns="http://schemas.microsoft.com/developer/msbuild/2003">
  <ItemGroup>
    <Filter Include="src">
      <UniqueIdentifier>{d86ed2e8-97bf-4e97-a9d2-cf93f116c730}</UniqueIdentifier>
    </Filter>
  </ItemGroup>
  <ItemGroup>
    <ClCompile Include="..\src\Game.cpp">
      <Filter>src</Filter>
    </ClCompile>
    <ClCompile Include="..\src\main.cpp">
      <Filter>src</Filter>
    </ClCompile>
    <ClCompile Include="..\src\Tilemap.cpp">
      <Filter>src</Filter>
    </ClCompile>
    <ClCompile Include="..\src\Tileset.cpp">
      <Filter>src</Filter>
    </ClCompile>
    <ClCompile Include="..\src\Actor.cpp">
      <Filter>src</Filter>
    </ClCompile>
    <ClCompile Include="..\src\ActorManager.cpp">
      <Filter>src</Filter>
    </ClCompile>
    <ClCompile Include="..\src\ScreenBattle.cpp">
      <Filter>src</Filter>
    </ClCompile>
    <ClCompile Include="..\src\ScreenAbstract.cpp">
      <Filter>src</Filter>
    </ClCompile>
    <ClCompile Include="..\src\misc.cpp">
      <Filter>src</Filter>
    </ClCompile>
    <ClCompile Include="..\src\Action.cpp">
      <Filter>src</Filter>
    </ClCompile>
  </ItemGroup>
  <ItemGroup>
    <ClInclude Include="..\src\Game.hpp">
      <Filter>src</Filter>
    </ClInclude>
    <ClInclude Include="..\src\Tilemap.hpp">
      <Filter>src</Filter>
    </ClInclude>
    <ClInclude Include="..\src\Tileset.hpp">
      <Filter>src</Filter>
    </ClInclude>
    <ClInclude Include="..\src\Actor.hpp">
      <Filter>src</Filter>
    </ClInclude>
    <ClInclude Include="..\src\ActorManager.hpp">
      <Filter>src</Filter>
    </ClInclude>
    <ClInclude Include="..\src\ScreenBattle.hpp">
      <Filter>src</Filter>
    </ClInclude>
    <ClInclude Include="..\src\ScreenAbstract.hpp">
      <Filter>src</Filter>
    </ClInclude>
    <ClInclude Include="..\src\misc.hpp">
      <Filter>src</Filter>
    </ClInclude>
    <ClInclude Include="..\src\Action.hpp">
      <Filter>src</Filter>
    </ClInclude>
  </ItemGroup>
</Project>